
Microsoft Visual Studio Solution File, Format Version 12.00
# Visual Studio Version 16
VisualStudioVersion = 16.0.31729.503
MinimumVisualStudioVersion = 10.0.40219.1
Project("{9A19103F-16F7-4668-BE54-9A1E7A4F7556}") = "CG_lab6", "CG_lab6\CG_lab6.csproj", "{66709505-063C-4A0D-9DBB-8E4C1232C064}"
EndProject
Project("{9A19103F-16F7-4668-BE54-9A1E7A4F7556}") = "CG_lab7", "CG_lab7\CG_lab7.csproj", "{BF84E286-3B6F-4C9E-9C74-013E2439F83A}"
EndProject
Project("{9A19103F-16F7-4668-BE54-9A1E7A4F7556}") = "CG_lab8", "CG_lab8\CG_lab8.csproj", "{8EC86473-726B-455E-82C3-545FCFA9950D}"
EndProject
Project("{FAE04EC0-301F-11D3-BF4B-00C04F79EFBC}") = "CG_lab9", "CG_lab9\CG_lab9.csproj", "{DC2DB329-303A-40D3-A08E-7D354CC908CA}"
EndProject
Global
	GlobalSection(SolutionConfigurationPlatforms) = preSolution
		Debug|Any CPU = Debug|Any CPU
		Release|Any CPU = Release|Any CPU
	EndGlobalSection
	GlobalSection(ProjectConfigurationPlatforms) = postSolution
		{66709505-063C-4A0D-9DBB-8E4C1232C064}.Debug|Any CPU.ActiveCfg = Debug|Any CPU
		{66709505-063C-4A0D-9DBB-8E4C1232C064}.Debug|Any CPU.Build.0 = Debug|Any CPU
		{66709505-063C-4A0D-9DBB-8E4C1232C064}.Release|Any CPU.ActiveCfg = Release|Any CPU
		{66709505-063C-4A0D-9DBB-8E4C1232C064}.Release|Any CPU.Build.0 = Release|Any CPU
		{BF84E286-3B6F-4C9E-9C74-013E2439F83A}.Debug|Any CPU.ActiveCfg = Debug|Any CPU
		{BF84E286-3B6F-4C9E-9C74-013E2439F83A}.Debug|Any CPU.Build.0 = Debug|Any CPU
		{BF84E286-3B6F-4C9E-9C74-013E2439F83A}.Release|Any CPU.ActiveCfg = Release|Any CPU
		{BF84E286-3B6F-4C9E-9C74-013E2439F83A}.Release|Any CPU.Build.0 = Release|Any CPU
		{8EC86473-726B-455E-82C3-545FCFA9950D}.Debug|Any CPU.ActiveCfg = Debug|Any CPU
		{8EC86473-726B-455E-82C3-545FCFA9950D}.Debug|Any CPU.Build.0 = Debug|Any CPU
		{8EC86473-726B-455E-82C3-545FCFA9950D}.Release|Any CPU.ActiveCfg = Release|Any CPU
		{8EC86473-726B-455E-82C3-545FCFA9950D}.Release|Any CPU.Build.0 = Release|Any CPU
		{DC2DB329-303A-40D3-A08E-7D354CC908CA}.Debug|Any CPU.ActiveCfg = Debug|Any CPU
		{DC2DB329-303A-40D3-A08E-7D354CC908CA}.Debug|Any CPU.Build.0 = Debug|Any CPU
		{DC2DB329-303A-40D3-A08E-7D354CC908CA}.Release|Any CPU.ActiveCfg = Release|Any CPU
		{DC2DB329-303A-40D3-A08E-7D354CC908CA}.Release|Any CPU.Build.0 = Release|Any CPU
	EndGlobalSection
	GlobalSection(SolutionProperties) = preSolution
		HideSolutionNode = FALSE
	EndGlobalSection
	GlobalSection(ExtensibilityGlobals) = postSolution
		SolutionGuid = {6AEF4400-AFCC-4F27-BC61-BA9B86EE96FD}
	EndGlobalSection
EndGlobal
